// !$*UTF8*$!
{
	archiveVersion = 1;
	classes = {
	};
	objectVersion = 51;
	objects = {

/* Begin PBXBuildFile section */
		0676442A450259B2D3A095EF /* main.m in Sources */ = {isa = PBXBuildFile; fileRef = 549C614C1A68FBBC276DD3A8 /* main.m */; };
		2E79B328E52F5243CA015E81 /* LaunchScreen.xib in Resources */ = {isa = PBXBuildFile; fileRef = AEE6198119BA4EA2E8217458 /* LaunchScreen.xib */; };
		32EBCA1ABABF3F8E84117FA2 /* libPods-Catapult.a in Frameworks */ = {isa = PBXBuildFile; fileRef = 10BFA5FC0E3768FDC63A7104 /* libPods-Catapult.a */; };
		D1862885BEC2B1277ECAEFEC /* libPods-CatapultTests.a in Frameworks */ = {isa = PBXBuildFile; fileRef = 365184A202F238D81CE94258 /* libPods-CatapultTests.a */; };
		D3CC06802C2A8A916D71CDB0 /* AppDelegate.m in Sources */ = {isa = PBXBuildFile; fileRef = 3EDCBE87772FED94057FCA69 /* AppDelegate.m */; };
		DACBF815EEE0412BC5C77639 /* CatapultTests.m in Sources */ = {isa = PBXBuildFile; fileRef = 6336104103036F7A4FD8FE15 /* CatapultTests.m */; };
		F601B23688A7C613C5914129 /* Images.xcassets in Resources */ = {isa = PBXBuildFile; fileRef = 242717885763A72FE31F0A3A /* Images.xcassets */; };
/* End PBXBuildFile section */

/* Begin PBXFileReference section */
		042ADB9E8E483501143BBDDD /* Info.plist */ = {isa = PBXFileReference; lastKnownFileType = text.plist; path = Info.plist; sourceTree = "<group>"; };
		105EDBD94CE958D166538D34 /* Info.plist */ = {isa = PBXFileReference; lastKnownFileType = text.plist; path = Info.plist; sourceTree = "<group>"; };
		10BFA5FC0E3768FDC63A7104 /* libPods-Catapult.a */ = {isa = PBXFileReference; explicitFileType = archive.ar; includeInIndex = 0; path = "libPods-Catapult.a"; sourceTree = BUILT_PRODUCTS_DIR; };
		177A8CACE935FADE3DBD2B6E /* Pods-Catapult.release.xcconfig */ = {isa = PBXFileReference; includeInIndex = 1; lastKnownFileType = text.xcconfig; name = "Pods-Catapult.release.xcconfig"; path = "Target Support Files/Pods-Catapult/Pods-Catapult.release.xcconfig"; sourceTree = "<group>"; };
		21019FA05E97EC676F118C5A /* Base */ = {isa = PBXFileReference; lastKnownFileType = file.xib; name = Base; path = Base.lproj/LaunchScreen.xib; sourceTree = "<group>"; };
		242717885763A72FE31F0A3A /* Images.xcassets */ = {isa = PBXFileReference; lastKnownFileType = folder.assetcatalog; path = Images.xcassets; sourceTree = "<group>"; };
		2C8F801EDBC5ED2803026A3E /* Pods-CatapultTests.debug.xcconfig */ = {isa = PBXFileReference; includeInIndex = 1; lastKnownFileType = text.xcconfig; name = "Pods-CatapultTests.debug.xcconfig"; path = "Target Support Files/Pods-CatapultTests/Pods-CatapultTests.debug.xcconfig"; sourceTree = "<group>"; };
		34683FDA7792911B8D68B86F /* CatapultTests.xctest */ = {isa = PBXFileReference; includeInIndex = 0; lastKnownFileType = wrapper.cfbundle; path = CatapultTests.xctest; sourceTree = BUILT_PRODUCTS_DIR; };
		3648A7552EB930AC94250921 /* Catapult.app */ = {isa = PBXFileReference; includeInIndex = 0; lastKnownFileType = wrapper.application; path = Catapult.app; sourceTree = BUILT_PRODUCTS_DIR; };
		365184A202F238D81CE94258 /* libPods-CatapultTests.a */ = {isa = PBXFileReference; explicitFileType = archive.ar; includeInIndex = 0; path = "libPods-CatapultTests.a"; sourceTree = BUILT_PRODUCTS_DIR; };
		3CDAA68EA0375926AD34F902 /* Pods-Catapult.debug.xcconfig */ = {isa = PBXFileReference; includeInIndex = 1; lastKnownFileType = text.xcconfig; name = "Pods-Catapult.debug.xcconfig"; path = "Target Support Files/Pods-Catapult/Pods-Catapult.debug.xcconfig"; sourceTree = "<group>"; };
		3EDCBE87772FED94057FCA69 /* AppDelegate.m */ = {isa = PBXFileReference; lastKnownFileType = sourcecode.c.objc; path = AppDelegate.m; sourceTree = "<group>"; };
		549C614C1A68FBBC276DD3A8 /* main.m */ = {isa = PBXFileReference; lastKnownFileType = sourcecode.c.objc; path = main.m; sourceTree = "<group>"; };
		6336104103036F7A4FD8FE15 /* CatapultTests.m */ = {isa = PBXFileReference; lastKnownFileType = sourcecode.c.objc; path = CatapultTests.m; sourceTree = "<group>"; };
		B5581BC1FEB8A3D815111AA4 /* Pods-CatapultTests.release.xcconfig */ = {isa = PBXFileReference; includeInIndex = 1; lastKnownFileType = text.xcconfig; name = "Pods-CatapultTests.release.xcconfig"; path = "Target Support Files/Pods-CatapultTests/Pods-CatapultTests.release.xcconfig"; sourceTree = "<group>"; };
		BB1F6C8A97726CC35E0E36E7 /* AppDelegate.h */ = {isa = PBXFileReference; lastKnownFileType = sourcecode.c.h; path = AppDelegate.h; sourceTree = "<group>"; };
/* End PBXFileReference section */

/* Begin PBXFrameworksBuildPhase section */
		90084671EF5FAFCA1C4FC4BA /* Frameworks */ = {
			isa = PBXFrameworksBuildPhase;
			buildActionMask = 2147483647;
			files = (
				D1862885BEC2B1277ECAEFEC /* libPods-CatapultTests.a in Frameworks */,
			);
			runOnlyForDeploymentPostprocessing = 0;
		};
		F5C80D76D9D51D6ADB1375A5 /* Frameworks */ = {
			isa = PBXFrameworksBuildPhase;
			buildActionMask = 2147483647;
			files = (
				32EBCA1ABABF3F8E84117FA2 /* libPods-Catapult.a in Frameworks */,
			);
			runOnlyForDeploymentPostprocessing = 0;
		};
/* End PBXFrameworksBuildPhase section */

/* Begin PBXGroup section */
		734E13D10D7DF278A77C029F /* Frameworks */ = {
			isa = PBXGroup;
			children = (
				10BFA5FC0E3768FDC63A7104 /* libPods-Catapult.a */,
				365184A202F238D81CE94258 /* libPods-CatapultTests.a */,
			);
			name = Frameworks;
			sourceTree = "<group>";
		};
		80E84859B57C0DEC5978A336 /* CatapultTests */ = {
			isa = PBXGroup;
			children = (
				6336104103036F7A4FD8FE15 /* CatapultTests.m */,
				042ADB9E8E483501143BBDDD /* Info.plist */,
			);
			path = CatapultTests;
			sourceTree = "<group>";
		};
		84F1E3DCCC15D4CE1E37D73D /* Products */ = {
			isa = PBXGroup;
			children = (
				3648A7552EB930AC94250921 /* Catapult.app */,
				34683FDA7792911B8D68B86F /* CatapultTests.xctest */,
			);
			name = Products;
			sourceTree = "<group>";
		};
		8AE93D8E3BA7ABBCDA14FD37 = {
			isa = PBXGroup;
			children = (
				B881B64031E9E1460064030C /* Catapult */,
				80E84859B57C0DEC5978A336 /* CatapultTests */,
				84F1E3DCCC15D4CE1E37D73D /* Products */,
				B3E3D4AEBD612017786302EB /* Pods */,
				734E13D10D7DF278A77C029F /* Frameworks */,
			);
			sourceTree = "<group>";
			usesTabs = 1;
		};
		B3E3D4AEBD612017786302EB /* Pods */ = {
			isa = PBXGroup;
			children = (
				3CDAA68EA0375926AD34F902 /* Pods-Catapult.debug.xcconfig */,
				177A8CACE935FADE3DBD2B6E /* Pods-Catapult.release.xcconfig */,
				2C8F801EDBC5ED2803026A3E /* Pods-CatapultTests.debug.xcconfig */,
				B5581BC1FEB8A3D815111AA4 /* Pods-CatapultTests.release.xcconfig */,
			);
			name = Pods;
			path = Pods;
			sourceTree = "<group>";
		};
		B881B64031E9E1460064030C /* Catapult */ = {
			isa = PBXGroup;
			children = (
				BB1F6C8A97726CC35E0E36E7 /* AppDelegate.h */,
				3EDCBE87772FED94057FCA69 /* AppDelegate.m */,
				242717885763A72FE31F0A3A /* Images.xcassets */,
				105EDBD94CE958D166538D34 /* Info.plist */,
				AEE6198119BA4EA2E8217458 /* LaunchScreen.xib */,
				549C614C1A68FBBC276DD3A8 /* main.m */,
			);
			path = Catapult;
			sourceTree = "<group>";
		};
/* End PBXGroup section */

/* Begin PBXNativeTarget section */
		2ABF50EEBDAA280466B76882 /* Catapult */ = {
			isa = PBXNativeTarget;
			buildConfigurationList = E913373591C48FF1B82A9180 /* Build configuration list for PBXNativeTarget "Catapult" */;
			buildPhases = (
				11A4163A63A5C64C10AEF222 /* [CP] Check Pods Manifest.lock */,
				DC87D11718DCBF23071BAE4A /* Start Packager */,
				3C83271D4DFDB3CDEFEFECB7 /* Sources */,
				5D709D3466D6CC92C3C35A78 /* Resources */,
				DDA8F55546B06F82C2548060 /* Bundle React Native code and images */,
				F5C80D76D9D51D6ADB1375A5 /* Frameworks */,
			);
			buildRules = (
			);
			dependencies = (
			);
			name = Catapult;
			productName = Catapult;
			productReference = 3648A7552EB930AC94250921 /* Catapult.app */;
			productType = "com.apple.product-type.application";
		};
		B0F254172FAED9FF39256A39 /* CatapultTests */ = {
			isa = PBXNativeTarget;
			buildConfigurationList = F6C132917C546F7E10049B4D /* Build configuration list for PBXNativeTarget "CatapultTests" */;
			buildPhases = (
				B1FCF7A39752C56BAD0C474A /* [CP] Check Pods Manifest.lock */,
				BF360103CC0A80F1C713E490 /* Sources */,
				90084671EF5FAFCA1C4FC4BA /* Frameworks */,
			);
			buildRules = (
			);
			dependencies = (
			);
			name = CatapultTests;
			productName = CatapultTests;
			productReference = 34683FDA7792911B8D68B86F /* CatapultTests.xctest */;
			productType = "com.apple.product-type.bundle.unit-test";
		};
/* End PBXNativeTarget section */

/* Begin PBXProject section */
		73071DBF7E11605A37CE7E1E /* Project object */ = {
			isa = PBXProject;
			attributes = {
				LastUpgradeCheck = 1020;
			};
			buildConfigurationList = 317271C48311A002FBE78D00 /* Build configuration list for PBXProject "Catapult" */;
			compatibilityVersion = "Xcode 10.0";
			developmentRegion = en;
			hasScannedForEncodings = 0;
			knownRegions = (
				Base,
			);
			mainGroup = 8AE93D8E3BA7ABBCDA14FD37;
			productRefGroup = 84F1E3DCCC15D4CE1E37D73D /* Products */;
			projectDirPath = "";
			projectRoot = "";
			targets = (
				2ABF50EEBDAA280466B76882 /* Catapult */,
				B0F254172FAED9FF39256A39 /* CatapultTests */,
			);
		};
/* End PBXProject section */

/* Begin PBXResourcesBuildPhase section */
		5D709D3466D6CC92C3C35A78 /* Resources */ = {
			isa = PBXResourcesBuildPhase;
			buildActionMask = 2147483647;
			files = (
				F601B23688A7C613C5914129 /* Images.xcassets in Resources */,
				2E79B328E52F5243CA015E81 /* LaunchScreen.xib in Resources */,
			);
			runOnlyForDeploymentPostprocessing = 0;
		};
/* End PBXResourcesBuildPhase section */

/* Begin PBXShellScriptBuildPhase section */
		11A4163A63A5C64C10AEF222 /* [CP] Check Pods Manifest.lock */ = {
			isa = PBXShellScriptBuildPhase;
			buildActionMask = 2147483647;
			files = (
			);
			inputFileListPaths = (
			);
			inputPaths = (
				"${PODS_PODFILE_DIR_PATH}/Podfile.lock",
				"${PODS_ROOT}/Manifest.lock",
			);
			name = "[CP] Check Pods Manifest.lock";
			outputFileListPaths = (
			);
			outputPaths = (
				"$(DERIVED_FILE_DIR)/Pods-Catapult-checkManifestLockResult.txt",
			);
			runOnlyForDeploymentPostprocessing = 0;
			shellPath = /bin/sh;
			shellScript = "diff \"${PODS_PODFILE_DIR_PATH}/Podfile.lock\" \"${PODS_ROOT}/Manifest.lock\" > /dev/null\nif [ $? != 0 ] ; then\n    # print error to STDERR\n    echo \"error: The sandbox is not in sync with the Podfile.lock. Run 'pod install' or update your CocoaPods installation.\" >&2\n    exit 1\nfi\n# This output is used by Xcode 'outputs' to avoid re-running this script phase.\necho \"SUCCESS\" > \"${SCRIPT_OUTPUT_FILE_0}\"\n";
			showEnvVarsInLog = 0;
		};
		B1FCF7A39752C56BAD0C474A /* [CP] Check Pods Manifest.lock */ = {
			isa = PBXShellScriptBuildPhase;
			buildActionMask = 2147483647;
			files = (
			);
			inputFileListPaths = (
			);
			inputPaths = (
				"${PODS_PODFILE_DIR_PATH}/Podfile.lock",
				"${PODS_ROOT}/Manifest.lock",
			);
			name = "[CP] Check Pods Manifest.lock";
			outputFileListPaths = (
			);
			outputPaths = (
				"$(DERIVED_FILE_DIR)/Pods-CatapultTests-checkManifestLockResult.txt",
			);
			runOnlyForDeploymentPostprocessing = 0;
			shellPath = /bin/sh;
			shellScript = "diff \"${PODS_PODFILE_DIR_PATH}/Podfile.lock\" \"${PODS_ROOT}/Manifest.lock\" > /dev/null\nif [ $? != 0 ] ; then\n    # print error to STDERR\n    echo \"error: The sandbox is not in sync with the Podfile.lock. Run 'pod install' or update your CocoaPods installation.\" >&2\n    exit 1\nfi\n# This output is used by Xcode 'outputs' to avoid re-running this script phase.\necho \"SUCCESS\" > \"${SCRIPT_OUTPUT_FILE_0}\"\n";
			showEnvVarsInLog = 0;
		};
		DC87D11718DCBF23071BAE4A /* Start Packager */ = {
			isa = PBXShellScriptBuildPhase;
			buildActionMask = 2147483647;
			files = (
			);
			inputFileListPaths = (
			);
			inputPaths = (
			);
			name = "Start Packager";
			outputFileListPaths = (
			);
			outputPaths = (
			);
			runOnlyForDeploymentPostprocessing = 0;
			shellPath = /bin/sh;
			shellScript = "export RCT_METRO_PORT=\"${RCT_METRO_PORT:=8081}\"\necho \"export RCT_METRO_PORT=${RCT_METRO_PORT}\" > \"${SRCROOT}/../node_modules/react-native/scripts/.packager.env\"\nif [ -z \"${RCT_NO_LAUNCH_PACKAGER+xxx}\" ] ; then\n  if nc -w 5 -z localhost ${RCT_METRO_PORT} ; then\n    if ! curl -s \"http://localhost:${RCT_METRO_PORT}/status\" | grep -q \"packager-status:running\" ; then\n      echo \"Port ${RCT_METRO_PORT} already in use, packager is either not running or not running correctly\"\n      exit 2\n    fi\n  else\n    open \"$SRCROOT/../node_modules/react-native/scripts/launchPackager.command\" || echo \"Can't start packager automatically\"\n  fi\nfi\n";
			showEnvVarsInLog = 0;
		};
		DDA8F55546B06F82C2548060 /* Bundle React Native code and images */ = {
			isa = PBXShellScriptBuildPhase;
			buildActionMask = 2147483647;
			files = (
			);
			inputFileListPaths = (
			);
			inputPaths = (
			);
			name = "Bundle React Native code and images";
			outputFileListPaths = (
			);
			outputPaths = (
			);
			runOnlyForDeploymentPostprocessing = 0;
			shellPath = /bin/sh;
			shellScript = "export NODE_BINARY=node\n../node_modules/react-native/scripts/react-native-xcode.sh\n";
		};
/* End PBXShellScriptBuildPhase section */

/* Begin PBXSourcesBuildPhase section */
		3C83271D4DFDB3CDEFEFECB7 /* Sources */ = {
			isa = PBXSourcesBuildPhase;
			buildActionMask = 2147483647;
			files = (
				D3CC06802C2A8A916D71CDB0 /* AppDelegate.m in Sources */,
				0676442A450259B2D3A095EF /* main.m in Sources */,
			);
			runOnlyForDeploymentPostprocessing = 0;
		};
		BF360103CC0A80F1C713E490 /* Sources */ = {
			isa = PBXSourcesBuildPhase;
			buildActionMask = 2147483647;
			files = (
				DACBF815EEE0412BC5C77639 /* CatapultTests.m in Sources */,
			);
			runOnlyForDeploymentPostprocessing = 0;
		};
/* End PBXSourcesBuildPhase section */

/* Begin PBXVariantGroup section */
		AEE6198119BA4EA2E8217458 /* LaunchScreen.xib */ = {
			isa = PBXVariantGroup;
			children = (
				21019FA05E97EC676F118C5A /* Base */,
			);
			name = LaunchScreen.xib;
			sourceTree = "<group>";
		};
/* End PBXVariantGroup section */

/* Begin XCBuildConfiguration section */
		32250BB1346FD969557B1FCF /* Debug */ = {
			isa = XCBuildConfiguration;
			buildSettings = {
				ALWAYS_SEARCH_USER_PATHS = NO;
				CLANG_ANALYZER_NONNULL = YES;
				CLANG_ANALYZER_NUMBER_OBJECT_CONVERSION = YES_AGGRESSIVE;
				CLANG_CXX_LANGUAGE_STANDARD = "gnu++14";
				CLANG_CXX_LIBRARY = "libc++";
				CLANG_ENABLE_MODULES = YES;
				CLANG_ENABLE_OBJC_ARC = YES;
				CLANG_WARN_BLOCK_CAPTURE_AUTORELEASING = YES;
				CLANG_WARN_BOOL_CONVERSION = YES;
				CLANG_WARN_COMMA = YES;
				CLANG_WARN_CONSTANT_CONVERSION = YES;
				CLANG_WARN_DEPRECATED_OBJC_IMPLEMENTATIONS = YES;
				CLANG_WARN_DIRECT_OBJC_ISA_USAGE = YES_ERROR;
				CLANG_WARN_DOCUMENTATION_COMMENTS = YES;
				CLANG_WARN_EMPTY_BODY = YES;
				CLANG_WARN_ENUM_CONVERSION = YES;
				CLANG_WARN_INFINITE_RECURSION = YES;
				CLANG_WARN_INT_CONVERSION = YES;
				CLANG_WARN_NON_LITERAL_NULL_CONVERSION = YES;
				CLANG_WARN_OBJC_IMPLICIT_RETAIN_SELF = YES;
				CLANG_WARN_OBJC_LITERAL_CONVERSION = YES;
				CLANG_WARN_OBJC_ROOT_CLASS = YES_ERROR;
				CLANG_WARN_RANGE_LOOP_ANALYSIS = YES;
				CLANG_WARN_STRICT_PROTOTYPES = YES;
				CLANG_WARN_SUSPICIOUS_MOVE = YES;
				CLANG_WARN_UNGUARDED_AVAILABILITY = YES_AGGRESSIVE;
				CLANG_WARN_UNREACHABLE_CODE = YES;
				CLANG_WARN__DUPLICATE_METHOD_MATCH = YES;
				COPY_PHASE_STRIP = NO;
				DEBUG_INFORMATION_FORMAT = dwarf;
				ENABLE_STRICT_OBJC_MSGSEND = YES;
				ENABLE_TESTABILITY = YES;
				GCC_C_LANGUAGE_STANDARD = gnu11;
				GCC_DYNAMIC_NO_PIC = NO;
				GCC_NO_COMMON_BLOCKS = YES;
				GCC_OPTIMIZATION_LEVEL = 0;
				GCC_PREPROCESSOR_DEFINITIONS = (
					"$(inherited)",
					"DEBUG=1",
				);
				GCC_WARN_64_TO_32_BIT_CONVERSION = YES;
				GCC_WARN_ABOUT_RETURN_TYPE = YES_ERROR;
				GCC_WARN_UNDECLARED_SELECTOR = YES;
				GCC_WARN_UNINITIALIZED_AUTOS = YES_AGGRESSIVE;
				GCC_WARN_UNUSED_FUNCTION = YES;
				GCC_WARN_UNUSED_VARIABLE = YES;
				MTL_ENABLE_DEBUG_INFO = YES;
				ONLY_ACTIVE_ARCH = YES;
				PRODUCT_NAME = "$(TARGET_NAME)";
				SDKROOT = iphoneos;
				SWIFT_ACTIVE_COMPILATION_CONDITIONS = DEBUG;
				SWIFT_OPTIMIZATION_LEVEL = "-Onone";
				SWIFT_VERSION = 5.0;
			};
			name = Debug;
		};
		55D3AEBE506B3FE4A302FD37 /* Release */ = {
			isa = XCBuildConfiguration;
			baseConfigurationReference = B5581BC1FEB8A3D815111AA4 /* Pods-CatapultTests.release.xcconfig */;
			buildSettings = {
				BUNDLE_LOADER = "$(TEST_HOST)";
				INFOPLIST_FILE = CatapultTests/Info.plist;
				LD_RUNPATH_SEARCH_PATHS = (
					"$(inherited)",
					"@executable_path/Frameworks",
					"@loader_path/Frameworks",
				);
				SDKROOT = iphoneos;
				TARGETED_DEVICE_FAMILY = "1,2";
			};
			name = Release;
		};
		87C558C8079EBFCDACCEB45B /* Debug */ = {
			isa = XCBuildConfiguration;
			baseConfigurationReference = 2C8F801EDBC5ED2803026A3E /* Pods-CatapultTests.debug.xcconfig */;
			buildSettings = {
				BUNDLE_LOADER = "$(TEST_HOST)";
				INFOPLIST_FILE = CatapultTests/Info.plist;
				LD_RUNPATH_SEARCH_PATHS = (
					"$(inherited)",
					"@executable_path/Frameworks",
					"@loader_path/Frameworks",
				);
				SDKROOT = iphoneos;
				TARGETED_DEVICE_FAMILY = "1,2";
			};
			name = Debug;
		};
		AF1A229D5AAE25500638A070 /* Debug */ = {
			isa = XCBuildConfiguration;
			baseConfigurationReference = 3CDAA68EA0375926AD34F902 /* Pods-Catapult.debug.xcconfig */;
			buildSettings = {
				ASSETCATALOG_COMPILER_APPICON_NAME = AppIcon;
				CODE_SIGN_IDENTITY = "iPhone Developer";
				INFOPLIST_FILE = Catapult/Info.plist;
				LD_RUNPATH_SEARCH_PATHS = (
					"$(inherited)",
					"@executable_path/Frameworks",
				);
				PRODUCT_BUNDLE_IDENTIFIER = org.reactjs.native.example.Catapult;
				SDKROOT = iphoneos;
				TARGETED_DEVICE_FAMILY = "1,2";
			};
			name = Debug;
		};
		B671E473F67AD9FB2F363C29 /* Release */ = {
			isa = XCBuildConfiguration;
			buildSettings = {
				ALWAYS_SEARCH_USER_PATHS = NO;
				CLANG_ANALYZER_NONNULL = YES;
				CLANG_ANALYZER_NUMBER_OBJECT_CONVERSION = YES_AGGRESSIVE;
				CLANG_CXX_LANGUAGE_STANDARD = "gnu++14";
				CLANG_CXX_LIBRARY = "libc++";
				CLANG_ENABLE_MODULES = YES;
				CLANG_ENABLE_OBJC_ARC = YES;
				CLANG_WARN_BLOCK_CAPTURE_AUTORELEASING = YES;
				CLANG_WARN_BOOL_CONVERSION = YES;
				CLANG_WARN_COMMA = YES;
				CLANG_WARN_CONSTANT_CONVERSION = YES;
				CLANG_WARN_DEPRECATED_OBJC_IMPLEMENTATIONS = YES;
				CLANG_WARN_DIRECT_OBJC_ISA_USAGE = YES_ERROR;
				CLANG_WARN_DOCUMENTATION_COMMENTS = YES;
				CLANG_WARN_EMPTY_BODY = YES;
				CLANG_WARN_ENUM_CONVERSION = YES;
				CLANG_WARN_INFINITE_RECURSION = YES;
				CLANG_WARN_INT_CONVERSION = YES;
				CLANG_WARN_NON_LITERAL_NULL_CONVERSION = YES;
				CLANG_WARN_OBJC_IMPLICIT_RETAIN_SELF = YES;
				CLANG_WARN_OBJC_LITERAL_CONVERSION = YES;
				CLANG_WARN_OBJC_ROOT_CLASS = YES_ERROR;
				CLANG_WARN_RANGE_LOOP_ANALYSIS = YES;
				CLANG_WARN_STRICT_PROTOTYPES = YES;
				CLANG_WARN_SUSPICIOUS_MOVE = YES;
				CLANG_WARN_UNGUARDED_AVAILABILITY = YES_AGGRESSIVE;
				CLANG_WARN_UNREACHABLE_CODE = YES;
				CLANG_WARN__DUPLICATE_METHOD_MATCH = YES;
				COPY_PHASE_STRIP = NO;
				DEBUG_INFORMATION_FORMAT = "dwarf-with-dsym";
				ENABLE_NS_ASSERTIONS = NO;
				ENABLE_STRICT_OBJC_MSGSEND = YES;
				GCC_C_LANGUAGE_STANDARD = gnu11;
				GCC_NO_COMMON_BLOCKS = YES;
				GCC_WARN_64_TO_32_BIT_CONVERSION = YES;
				GCC_WARN_ABOUT_RETURN_TYPE = YES_ERROR;
				GCC_WARN_UNDECLARED_SELECTOR = YES;
				GCC_WARN_UNINITIALIZED_AUTOS = YES_AGGRESSIVE;
				GCC_WARN_UNUSED_FUNCTION = YES;
				GCC_WARN_UNUSED_VARIABLE = YES;
				PRODUCT_NAME = "$(TARGET_NAME)";
				SDKROOT = iphoneos;
				SWIFT_COMPILATION_MODE = wholemodule;
				SWIFT_VERSION = 5.0;
				VALIDATE_PRODUCT = YES;
			};
			name = Release;
		};
		E411D3F030B0FEC9816A6B01 /* Release */ = {
			isa = XCBuildConfiguration;
			baseConfigurationReference = 177A8CACE935FADE3DBD2B6E /* Pods-Catapult.release.xcconfig */;
			buildSettings = {
				ASSETCATALOG_COMPILER_APPICON_NAME = AppIcon;
				CODE_SIGN_IDENTITY = "iPhone Developer";
				INFOPLIST_FILE = Catapult/Info.plist;
				LD_RUNPATH_SEARCH_PATHS = (
					"$(inherited)",
					"@executable_path/Frameworks",
				);
				PRODUCT_BUNDLE_IDENTIFIER = org.reactjs.native.example.Catapult;
				SDKROOT = iphoneos;
				TARGETED_DEVICE_FAMILY = "1,2";
			};
			name = Release;
		};
/* End XCBuildConfiguration section */

/* Begin XCConfigurationList section */
		317271C48311A002FBE78D00 /* Build configuration list for PBXProject "Catapult" */ = {
			isa = XCConfigurationList;
			buildConfigurations = (
				32250BB1346FD969557B1FCF /* Debug */,
				B671E473F67AD9FB2F363C29 /* Release */,
			);
			defaultConfigurationIsVisible = 0;
			defaultConfigurationName = Debug;
		};
		E913373591C48FF1B82A9180 /* Build configuration list for PBXNativeTarget "Catapult" */ = {
			isa = XCConfigurationList;
			buildConfigurations = (
				AF1A229D5AAE25500638A070 /* Debug */,
				E411D3F030B0FEC9816A6B01 /* Release */,
			);
			defaultConfigurationIsVisible = 0;
			defaultConfigurationName = "";
		};
		F6C132917C546F7E10049B4D /* Build configuration list for PBXNativeTarget "CatapultTests" */ = {
			isa = XCConfigurationList;
			buildConfigurations = (
				87C558C8079EBFCDACCEB45B /* Debug */,
				55D3AEBE506B3FE4A302FD37 /* Release */,
			);
			defaultConfigurationIsVisible = 0;
			defaultConfigurationName = "";
		};
/* End XCConfigurationList section */
	};
	rootObject = 73071DBF7E11605A37CE7E1E /* Project object */;
}
